{
  "name": "wooting-js",
  "version": "0.0.1",
  "lockfileVersion": 2,
  "requires": true,
  "packages": {
    "": {
      "name": "wooting-js",
      "version": "0.0.1",
      "license": "ISC",
      "dependencies": {
        "typescript": "^4.6.4"
      },
      "optionalDependencies": {
        "@types/w3c-web-hid": "^1.0.3"
      }
    },
    "node_modules/@types/w3c-web-hid": {
      "version": "1.0.3",
      "resolved": "https://registry.npmjs.org/@types/w3c-web-hid/-/w3c-web-hid-1.0.3.tgz",
      "integrity": "sha512-eTQRkPd2JukZfS9+kRtrBAaTCCb6waGh5X8BJHmH1MiVQPLMYwm4+EvhwFfOo9SDna15o9dFAwmWwN6r/YM53A==",
      "optional": true
    },
    "node_modules/typescript": {
      "version": "4.6.4",
      "resolved": "https://registry.npmjs.org/typescript/-/typescript-4.6.4.tgz",
      "integrity": "sha512-9ia/jWHIEbo49HfjrLGfKbZSuWo9iTMwXO+Ca3pRsSpbsMbc7/IU8NKdCZVRRBafVPGnoJeFL76ZOAA84I9fEg==",
      "bin": {
        "tsc": "bin/tsc",
        "tsserver": "bin/tsserver"
      },
      "engines": {
        "node": ">=4.2.0"
      }
    }
  },
  "dependencies": {
    "@types/w3c-web-hid": {
      "version": "1.0.3",
      "resolved": "https://registry.npmjs.org/@types/w3c-web-hid/-/w3c-web-hid-1.0.3.tgz",
      "integrity": "sha512-eTQRkPd2JukZfS9+kRtrBAaTCCb6waGh5X8BJHmH1MiVQPLMYwm4+EvhwFfOo9SDna15o9dFAwmWwN6r/YM53A==",
      "optional": true
    },
    "typescript": {
      "version": "4.6.4",
      "resolved": "https://registry.npmjs.org/typescript/-/typescript-4.6.4.tgz",
      "integrity": "sha512-9ia/jWHIEbo49HfjrLGfKbZSuWo9iTMwXO+Ca3pRsSpbsMbc7/IU8NKdCZVRRBafVPGnoJeFL76ZOAA84I9fEg=="
    }
  }
}
